
Microsoft Visual Studio Solution File, Format Version 12.00
# Visual Studio Version 17
VisualStudioVersion = 17.14.36915.13 d17.14
MinimumVisualStudioVersion = 10.0.40219.1
Project("{FAE04EC0-301F-11D3-BF4B-00C04F79EFBC}") = "SpotifyFavoritesTool", "SpotifyFavoritesTool\SpotifyFavoritesTool.csproj", "{609A7D02-3464-4129-5339-19658C774ECD}"
EndProject
Project("{FAE04EC0-301F-11D3-BF4B-00C04F79EFBC}") = "SpotifyFavoritesTool.Core", "SpotifyFavoritesTool.Core\SpotifyFavoritesTool.Core.csproj", "{3ADA8D20-8CFC-4E81-840B-D7F27A633936}"
EndProject
Global
	GlobalSection(SolutionConfigurationPlatforms) = preSolution
		Debug|Any CPU = Debug|Any CPU
		Release|Any CPU = Release|Any CPU
	EndGlobalSection
	GlobalSection(ProjectConfigurationPlatforms) = postSolution
		{609A7D02-3464-4129-5339-19658C774ECD}.Debug|Any CPU.ActiveCfg = Debug|Any CPU
		{609A7D02-3464-4129-5339-19658C774ECD}.Debug|Any CPU.Build.0 = Debug|Any CPU
		{609A7D02-3464-4129-5339-19658C774ECD}.Release|Any CPU.ActiveCfg = Release|Any CPU
		{609A7D02-3464-4129-5339-19658C774ECD}.Release|Any CPU.Build.0 = Release|Any CPU
		{3ADA8D20-8CFC-4E81-840B-D7F27A633936}.Debug|Any CPU.ActiveCfg = Debug|Any CPU
		{3ADA8D20-8CFC-4E81-840B-D7F27A633936}.Debug|Any CPU.Build.0 = Debug|Any CPU
		{3ADA8D20-8CFC-4E81-840B-D7F27A633936}.Release|Any CPU.ActiveCfg = Release|Any CPU
		{3ADA8D20-8CFC-4E81-840B-D7F27A633936}.Release|Any CPU.Build.0 = Release|Any CPU
	EndGlobalSection
	GlobalSection(SolutionProperties) = preSolution
		HideSolutionNode = FALSE
	EndGlobalSection
	GlobalSection(ExtensibilityGlobals) = postSolution
		SolutionGuid = {58AE1DB9-B81E-430C-861A-FEC7F501D84F}
	EndGlobalSection
EndGlobal
